{
  "requires": true,
  "lockfileVersion": 1,
  "dependencies": {
    "@improbable-eng/grpc-web": {
      "version": "0.12.0",
      "resolved": "https://registry.npmjs.org/@improbable-eng/grpc-web/-/grpc-web-0.12.0.tgz",
      "integrity": "sha512-uJjgMPngreRTYPBuo6gswMj1gK39Wbqre/RgE0XnSDXJRg6ST7ZhuS53dFE6Vc2CX4jxgl+cO+0B3op8LA4Q0Q==",
      "requires": {
        "browser-headers": "^0.4.0"
      }
    },
    "@improbable-eng/grpc-web-node-http-transport": {
      "version": "0.12.0",
      "resolved": "https://registry.npmjs.org/@improbable-eng/grpc-web-node-http-transport/-/grpc-web-node-http-transport-0.12.0.tgz",
      "integrity": "sha512-+Kjz+Dktfz5LKTZA9ZW/Vlww6HF9KaKz4x2mVe1O8CJdOP2WfzC+KY8L6EWMqVLrV4MvdBuQdSgDmvSJz+OGuA=="
    },
    "@onflow/decode": {
      "version": "0.0.5",
      "resolved": "https://registry.npmjs.org/@onflow/decode/-/decode-0.0.5.tgz",
      "integrity": "sha512-w1zhk/2J35uHbFd9Hk6PzDW5M9CtaImWxuc3h776UImLcPN1MCrVEnkc8j4jgGGQlDJV+a7Z8KgLhrV8QAjncg=="
    },
    "@onflow/encode": {
      "version": "0.0.2",
      "resolved": "https://registry.npmjs.org/@onflow/encode/-/encode-0.0.2.tgz",
      "integrity": "sha512-gihdgPDJC694hTtovJsnfrVkylaf2p39RkEqA4bh5UWQNhmsxWHniLSwpqUIEJtUhj1/q8yOhT6rYZstaxVBcg==",
      "requires": {
        "rlp": "^2.2.4"
      }
    },
    "@onflow/interaction": {
      "version": "0.0.5",
      "resolved": "https://registry.npmjs.org/@onflow/interaction/-/interaction-0.0.5.tgz",
      "integrity": "sha512-do20f+X0E9dCyy9pzAEsiAf8TtH+/yHRseOIVJrS9BJSB1oSmSS+NQtHtZfOdb4n9lRhOxals+xVvO6ANvlGgQ=="
    },
    "@onflow/protobuf": {
      "version": "0.1.2",
      "resolved": "https://registry.npmjs.org/@onflow/protobuf/-/protobuf-0.1.2.tgz",
      "integrity": "sha512-cNt3umAwXvkmpA38/LtppeikMsEAet+o6BQSEXaNljSSPQIIBZQihqZsTRMdw+oVEpgjn5IvPeQGh/Uugdf8eg==",
      "requires": {
        "@improbable-eng/grpc-web": "^0.12.0",
        "google-protobuf": "^3.11.4"
      }
    },
    "@onflow/response": {
      "version": "0.0.2",
      "resolved": "https://registry.npmjs.org/@onflow/response/-/response-0.0.2.tgz",
      "integrity": "sha512-k5UD4nv9F6YAkDn0Gs0F6R2Izr6jekX9sGu6aPbTQCsfyv8kbG8GRhnfcugtwbGfEKmYO4Dj91QtWy246V9sUQ=="
    },
    "@onflow/sdk": {
      "version": "0.0.14",
      "resolved": "https://registry.npmjs.org/@onflow/sdk/-/sdk-0.0.14.tgz",
      "integrity": "sha512-Z4OFCjLKJ+sHqPVpxiaKVThSjqOsHgKHDJX7Ol3tCtKJ65aS638VU1pRNIZ+akswI2kpDOIcuwOAahE4AMmOZQ==",
      "requires": {
        "@onflow/decode": "0.0.5",
        "@onflow/encode": "0.0.2",
        "@onflow/interaction": "0.0.5",
        "@onflow/send": "0.0.8",
        "@qvvg/templar": "0.0.0"
      }
    },
    "@onflow/send": {
      "version": "0.0.8",
      "resolved": "https://registry.npmjs.org/@onflow/send/-/send-0.0.8.tgz",
      "integrity": "sha512-tARQacOxqteWWhlN8jAoM0ydR3b9ET8GJtZpJxCEapEgq03pDECiRjEd1XvJ9erQSJwHdflstIWliaDYQyfnKQ==",
      "requires": {
        "@improbable-eng/grpc-web": "^0.12.0",
        "@improbable-eng/grpc-web-node-http-transport": "^0.12.0",
        "@onflow/interaction": "0.0.5",
        "@onflow/protobuf": "0.1.2",
        "@onflow/response": "0.0.2"
      }
    },
    "@qvvg/templar": {
      "version": "0.0.0",
      "resolved": "https://registry.npmjs.org/@qvvg/templar/-/templar-0.0.0.tgz",
      "integrity": "sha512-0UMialbLrrCD64ujTHE59eLsS6/IWLvwrRMlw2kkq4hRLyL1GkO+gcBPkUObI7AvP44BIg4pF6hnyEpO5sRldQ=="
    },
    "bn.js": {
      "version": "4.11.8",
      "resolved": "https://registry.npmjs.org/bn.js/-/bn.js-4.11.8.tgz",
      "integrity": "sha512-ItfYfPLkWHUjckQCk8xC+LwxgK8NYcXywGigJgSwOP8Y2iyWT4f2vsZnoOXTTbo+o5yXmIUJ4gn5538SO5S3gA=="
    },
    "browser-headers": {
      "version": "0.4.1",
      "resolved": "https://registry.npmjs.org/browser-headers/-/browser-headers-0.4.1.tgz",
      "integrity": "sha512-CA9hsySZVo9371qEHjHZtYxV2cFtVj5Wj/ZHi8ooEsrtm4vOnl9Y9HmyYWk9q+05d7K3rdoAE0j3MVEFVvtQtg=="
    },
    "google-protobuf": {
      "version": "3.11.4",
      "resolved": "https://registry.npmjs.org/google-protobuf/-/google-protobuf-3.11.4.tgz",
      "integrity": "sha512-lL6b04rDirurUBOgsY2+LalI6Evq8eH5TcNzi7TYQ3BsIWelT0KSOQSBsXuavEkNf+odQU6c0lgz3UsZXeNX9Q=="
    },
    "rlp": {
      "version": "2.2.4",
      "resolved": "https://registry.npmjs.org/rlp/-/rlp-2.2.4.tgz",
      "integrity": "sha512-fdq2yYCWpAQBhwkZv+Z8o/Z4sPmYm1CUq6P7n6lVTOdb949CnqA0sndXal5C1NleSVSZm6q5F3iEbauyVln/iw==",
      "requires": {
        "bn.js": "^4.11.1"
      }
    }
  }
}
